
Microsoft Visual Studio Solution File, Format Version 12.00
# Visual Studio Version 17
VisualStudioVersion = 17.14.37111.16
MinimumVisualStudioVersion = 10.0.40219.1
Project("{FAE04EC0-301F-11D3-BF4B-00C04F79EFBC}") = "DAL", "DAL\DAL.csproj", "{9E6663FA-A1E6-4170-9FFD-BF7677763F29}"
EndProject
Project("{FAE04EC0-301F-11D3-BF4B-00C04F79EFBC}") = "BLL", "BLL\BLL.csproj", "{F9DF5898-5FD1-48A5-8343-B08F2052704B}"
EndProject
Project("{FAE04EC0-301F-11D3-BF4B-00C04F79EFBC}") = "UI", "UI\UI.csproj", "{E1D7A216-8D9A-4C56-A338-5CE528CFFDCE}"
EndProject
Project("{FAE04EC0-301F-11D3-BF4B-00C04F79EFBC}") = "Common", "Common\Common.csproj", "{E15E491A-E872-91D8-DF7A-CA59C792F064}"
EndProject
Global
	GlobalSection(SolutionConfigurationPlatforms) = preSolution
		Debug|Any CPU = Debug|Any CPU
		Release|Any CPU = Release|Any CPU
	EndGlobalSection
	GlobalSection(ProjectConfigurationPlatforms) = postSolution
		{9E6663FA-A1E6-4170-9FFD-BF7677763F29}.Debug|Any CPU.ActiveCfg = Debug|Any CPU
		{9E6663FA-A1E6-4170-9FFD-BF7677763F29}.Debug|Any CPU.Build.0 = Debug|Any CPU
		{9E6663FA-A1E6-4170-9FFD-BF7677763F29}.Release|Any CPU.ActiveCfg = Release|Any CPU
		{9E6663FA-A1E6-4170-9FFD-BF7677763F29}.Release|Any CPU.Build.0 = Release|Any CPU
		{F9DF5898-5FD1-48A5-8343-B08F2052704B}.Debug|Any CPU.ActiveCfg = Debug|Any CPU
		{F9DF5898-5FD1-48A5-8343-B08F2052704B}.Debug|Any CPU.Build.0 = Debug|Any CPU
		{F9DF5898-5FD1-48A5-8343-B08F2052704B}.Release|Any CPU.ActiveCfg = Release|Any CPU
		{F9DF5898-5FD1-48A5-8343-B08F2052704B}.Release|Any CPU.Build.0 = Release|Any CPU
		{E1D7A216-8D9A-4C56-A338-5CE528CFFDCE}.Debug|Any CPU.ActiveCfg = Debug|Any CPU
		{E1D7A216-8D9A-4C56-A338-5CE528CFFDCE}.Debug|Any CPU.Build.0 = Debug|Any CPU
		{E1D7A216-8D9A-4C56-A338-5CE528CFFDCE}.Release|Any CPU.ActiveCfg = Release|Any CPU
		{E1D7A216-8D9A-4C56-A338-5CE528CFFDCE}.Release|Any CPU.Build.0 = Release|Any CPU
		{E15E491A-E872-91D8-DF7A-CA59C792F064}.Debug|Any CPU.ActiveCfg = Debug|Any CPU
		{E15E491A-E872-91D8-DF7A-CA59C792F064}.Debug|Any CPU.Build.0 = Debug|Any CPU
		{E15E491A-E872-91D8-DF7A-CA59C792F064}.Release|Any CPU.ActiveCfg = Release|Any CPU
		{E15E491A-E872-91D8-DF7A-CA59C792F064}.Release|Any CPU.Build.0 = Release|Any CPU
	EndGlobalSection
	GlobalSection(SolutionProperties) = preSolution
		HideSolutionNode = FALSE
	EndGlobalSection
	GlobalSection(ExtensibilityGlobals) = postSolution
		SolutionGuid = {B16D56DF-39F4-49A8-88F5-119019C362BA}
	EndGlobalSection
EndGlobal
